[[package]]
name = "pysimplegui"
version = "4.51.2"
description = "Python GUIs for Humans. Launched in 2018. It's 2021 & PySimpleGUI is an ACTIVE & supported project. Super-simple to create custom GUI's. 300 Demo programs & Cookbook for rapid start. Extensive documentation. Main docs at www.PySimpleGUI.org. Fun & your success are the focus. Examples using Machine Learning (GUI, OpenCV Integration), Rainmeter Style Desktop Widgets, Matplotlib + Pyplot, PIL support, add GUI to command line scripts, PDF & Image Viewers. Great for beginners & advanced GUI programmers."
category = "main"
optional = false
python-versions = "*"

[metadata]
lock-version = "1.1"
python-versions = "^3.8"
content-hash = "4e1dc9ed7dc7180f17cdc208eeba03048db7483051f36fb410553b204d6092f6"

[metadata.files]
pysimplegui = [
    {file = "PySimpleGUI-4.51.2-py3-none-any.whl", hash = "sha256:aa2618e22aee5864705cd1f06368ff939efa9a9123933ea784b077d458bf310c"},
    {file = "PySimpleGUI-4.51.2.tar.gz", hash = "sha256:97be0dcc0fa235a34941e594e8d98822e6ecbbb31304685bf411b8b4f28b7802"},
]
